
Microsoft Visual Studio Solution File, Format Version 12.00
# Visual Studio 15
VisualStudioVersion = 15.0.27130.2036
MinimumVisualStudioVersion = 10.0.40219.1
Project("{9A19103F-16F7-4668-BE54-9A1E7A4F7556}") = "code-scanner", "code-scanner\code-scanner.csproj", "{CC11DBBE-5432-46AB-8C91-DA48A1DFF5AB}"
EndProject
Project("{9A19103F-16F7-4668-BE54-9A1E7A4F7556}") = "code-scanner-lib", "code-scanner-lib\code-scanner-lib.csproj", "{78DEDB27-54AF-4CAE-AFD9-63A73656DAB2}"
EndProject
Project("{9A19103F-16F7-4668-BE54-9A1E7A4F7556}") = "code-scanner-tests", "code-scanner-tests\code-scanner-tests.csproj", "{76D4F0A1-9B8E-43A1-A0FF-7A6CF38335A6}"
	ProjectSection(ProjectDependencies) = postProject
		{78DEDB27-54AF-4CAE-AFD9-63A73656DAB2} = {78DEDB27-54AF-4CAE-AFD9-63A73656DAB2}
		{CC11DBBE-5432-46AB-8C91-DA48A1DFF5AB} = {CC11DBBE-5432-46AB-8C91-DA48A1DFF5AB}
	EndProjectSection
EndProject
Project("{9A19103F-16F7-4668-BE54-9A1E7A4F7556}") = "code-scanner-core-plugin", "code-scanner-core-plugin\code-scanner-core-plugin.csproj", "{E2287103-43A6-4380-8D7F-7E6DB8DEFF30}"
EndProject
Project("{2150E333-8FDC-42A3-9474-1A3956D46DE8}") = "Solution Items", "Solution Items", "{74898BCA-71EF-4FDE-9888-9CA51427C8B5}"
	ProjectSection(SolutionItems) = preProject
		..\appveyor.yml = ..\appveyor.yml
		..\README.md = ..\README.md
		..\ideas-planning.txt = ..\ideas-planning.txt
	EndProjectSection
EndProject
Global
	GlobalSection(SolutionConfigurationPlatforms) = preSolution
		Debug|Any CPU = Debug|Any CPU
		Release|Any CPU = Release|Any CPU
	EndGlobalSection
	GlobalSection(ProjectConfigurationPlatforms) = postSolution
		{CC11DBBE-5432-46AB-8C91-DA48A1DFF5AB}.Debug|Any CPU.ActiveCfg = Debug|Any CPU
		{CC11DBBE-5432-46AB-8C91-DA48A1DFF5AB}.Debug|Any CPU.Build.0 = Debug|Any CPU
		{CC11DBBE-5432-46AB-8C91-DA48A1DFF5AB}.Release|Any CPU.ActiveCfg = Release|Any CPU
		{CC11DBBE-5432-46AB-8C91-DA48A1DFF5AB}.Release|Any CPU.Build.0 = Release|Any CPU
		{78DEDB27-54AF-4CAE-AFD9-63A73656DAB2}.Debug|Any CPU.ActiveCfg = Debug|Any CPU
		{78DEDB27-54AF-4CAE-AFD9-63A73656DAB2}.Debug|Any CPU.Build.0 = Debug|Any CPU
		{78DEDB27-54AF-4CAE-AFD9-63A73656DAB2}.Release|Any CPU.ActiveCfg = Release|Any CPU
		{78DEDB27-54AF-4CAE-AFD9-63A73656DAB2}.Release|Any CPU.Build.0 = Release|Any CPU
		{76D4F0A1-9B8E-43A1-A0FF-7A6CF38335A6}.Debug|Any CPU.ActiveCfg = Debug|Any CPU
		{76D4F0A1-9B8E-43A1-A0FF-7A6CF38335A6}.Debug|Any CPU.Build.0 = Debug|Any CPU
		{76D4F0A1-9B8E-43A1-A0FF-7A6CF38335A6}.Release|Any CPU.ActiveCfg = Release|Any CPU
		{76D4F0A1-9B8E-43A1-A0FF-7A6CF38335A6}.Release|Any CPU.Build.0 = Release|Any CPU
		{E2287103-43A6-4380-8D7F-7E6DB8DEFF30}.Debug|Any CPU.ActiveCfg = Debug|Any CPU
		{E2287103-43A6-4380-8D7F-7E6DB8DEFF30}.Debug|Any CPU.Build.0 = Debug|Any CPU
		{E2287103-43A6-4380-8D7F-7E6DB8DEFF30}.Release|Any CPU.ActiveCfg = Release|Any CPU
		{E2287103-43A6-4380-8D7F-7E6DB8DEFF30}.Release|Any CPU.Build.0 = Release|Any CPU
	EndGlobalSection
	GlobalSection(SolutionProperties) = preSolution
		HideSolutionNode = FALSE
	EndGlobalSection
	GlobalSection(ExtensibilityGlobals) = postSolution
		SolutionGuid = {A2E3DC07-7715-46DD-AEEF-BDB820D3A76E}
	EndGlobalSection
EndGlobal
